
Microsoft Visual Studio Solution File, Format Version 12.00
# Visual Studio 15
VisualStudioVersion = 15.0.27130.2027
MinimumVisualStudioVersion = 10.0.40219.1
Project("{FAE04EC0-301F-11D3-BF4B-00C04F79EFBC}") = "SphereSharp.Tests", "SphereSharp.Tests\SphereSharp.Tests.csproj", "{ADCB7346-1C5B-45E7-BAEA-C3986A3B6C1D}"
EndProject
Project("{FAE04EC0-301F-11D3-BF4B-00C04F79EFBC}") = "SphereSharp.ServUO.Generator", "SphereSharp.ServUO.Generator\SphereSharp.ServUO.Generator.csproj", "{744CD43C-B5D8-48EF-AA47-40B0D2ED7415}"
EndProject
Project("{FAE04EC0-301F-11D3-BF4B-00C04F79EFBC}") = "SphereSharp.ServUO.Generator.Console", "SphereSharp.ServUO.Generator.Console\SphereSharp.ServUO.Generator.Console.csproj", "{5D4C98F4-D3BE-4FAD-885F-4896E6CE52FB}"
EndProject
Project("{FAE04EC0-301F-11D3-BF4B-00C04F79EFBC}") = "SphereSharp", "SphereSharp\SphereSharp.csproj", "{D4F2D751-FA5E-4398-8924-57EBD80E318F}"
EndProject
Project("{FAE04EC0-301F-11D3-BF4B-00C04F79EFBC}") = "SphereSharp.Sphere.Generator", "SphereSharp.Sphere.Generator\SphereSharp.Sphere.Generator.csproj", "{052422B9-E650-402D-BD1C-469C1D38336F}"
EndProject
Global
	GlobalSection(SolutionConfigurationPlatforms) = preSolution
		Debug|Any CPU = Debug|Any CPU
		Release|Any CPU = Release|Any CPU
	EndGlobalSection
	GlobalSection(ProjectConfigurationPlatforms) = postSolution
		{ADCB7346-1C5B-45E7-BAEA-C3986A3B6C1D}.Debug|Any CPU.ActiveCfg = Debug|Any CPU
		{ADCB7346-1C5B-45E7-BAEA-C3986A3B6C1D}.Debug|Any CPU.Build.0 = Debug|Any CPU
		{ADCB7346-1C5B-45E7-BAEA-C3986A3B6C1D}.Release|Any CPU.ActiveCfg = Release|Any CPU
		{ADCB7346-1C5B-45E7-BAEA-C3986A3B6C1D}.Release|Any CPU.Build.0 = Release|Any CPU
		{744CD43C-B5D8-48EF-AA47-40B0D2ED7415}.Debug|Any CPU.ActiveCfg = Debug|Any CPU
		{744CD43C-B5D8-48EF-AA47-40B0D2ED7415}.Debug|Any CPU.Build.0 = Debug|Any CPU
		{744CD43C-B5D8-48EF-AA47-40B0D2ED7415}.Release|Any CPU.ActiveCfg = Release|Any CPU
		{744CD43C-B5D8-48EF-AA47-40B0D2ED7415}.Release|Any CPU.Build.0 = Release|Any CPU
		{5D4C98F4-D3BE-4FAD-885F-4896E6CE52FB}.Debug|Any CPU.ActiveCfg = Debug|Any CPU
		{5D4C98F4-D3BE-4FAD-885F-4896E6CE52FB}.Debug|Any CPU.Build.0 = Debug|Any CPU
		{5D4C98F4-D3BE-4FAD-885F-4896E6CE52FB}.Release|Any CPU.ActiveCfg = Release|Any CPU
		{5D4C98F4-D3BE-4FAD-885F-4896E6CE52FB}.Release|Any CPU.Build.0 = Release|Any CPU
		{D4F2D751-FA5E-4398-8924-57EBD80E318F}.Debug|Any CPU.ActiveCfg = Debug|Any CPU
		{D4F2D751-FA5E-4398-8924-57EBD80E318F}.Debug|Any CPU.Build.0 = Debug|Any CPU
		{D4F2D751-FA5E-4398-8924-57EBD80E318F}.Release|Any CPU.ActiveCfg = Release|Any CPU
		{D4F2D751-FA5E-4398-8924-57EBD80E318F}.Release|Any CPU.Build.0 = Release|Any CPU
		{052422B9-E650-402D-BD1C-469C1D38336F}.Debug|Any CPU.ActiveCfg = Debug|Any CPU
		{052422B9-E650-402D-BD1C-469C1D38336F}.Debug|Any CPU.Build.0 = Debug|Any CPU
		{052422B9-E650-402D-BD1C-469C1D38336F}.Release|Any CPU.ActiveCfg = Release|Any CPU
		{052422B9-E650-402D-BD1C-469C1D38336F}.Release|Any CPU.Build.0 = Release|Any CPU
	EndGlobalSection
	GlobalSection(SolutionProperties) = preSolution
		HideSolutionNode = FALSE
	EndGlobalSection
	GlobalSection(ExtensibilityGlobals) = postSolution
		SolutionGuid = {75BEF780-E6CE-4ECD-8633-A8A622F65165}
	EndGlobalSection
EndGlobal
